
Microsoft Visual Studio Solution File, Format Version 12.00
# Visual Studio Version 16
VisualStudioVersion = 16.0.29411.108
MinimumVisualStudioVersion = 10.0.40219.1
Project("{FAE04EC0-301F-11D3-BF4B-00C04F79EFBC}") = "DotNetMvc20191101_02", "DotNetMvc20191101_02.csproj", "{B5F67B18-780E-496F-8E13-238111389062}"
EndProject
Global
	GlobalSection(SolutionConfigurationPlatforms) = preSolution
		Debug|Any CPU = Debug|Any CPU
		Release|Any CPU = Release|Any CPU
	EndGlobalSection
	GlobalSection(ProjectConfigurationPlatforms) = postSolution
		{B5F67B18-780E-496F-8E13-238111389062}.Debug|Any CPU.ActiveCfg = Debug|Any CPU
		{B5F67B18-780E-496F-8E13-238111389062}.Debug|Any CPU.Build.0 = Debug|Any CPU
		{B5F67B18-780E-496F-8E13-238111389062}.Release|Any CPU.ActiveCfg = Release|Any CPU
		{B5F67B18-780E-496F-8E13-238111389062}.Release|Any CPU.Build.0 = Release|Any CPU
	EndGlobalSection
	GlobalSection(SolutionProperties) = preSolution
		HideSolutionNode = FALSE
	EndGlobalSection
	GlobalSection(ExtensibilityGlobals) = postSolution
		SolutionGuid = {EFFB9F1A-EA46-492F-B032-17EF829A54CF}
	EndGlobalSection
EndGlobal
